// !$*UTF8*$!
{
	archiveVersion = 1;
	classes = {
	};
	objectVersion = 56;
	objects = {

/* Begin PBXBuildFile section */
		B3BF3A402D8D9602009970EF /* AppDelegate.swift in Sources */ = {isa = PBXBuildFile; fileRef = B3BF3A3F2D8D9602009970EF /* AppDelegate.swift */; };
		B3BF3A422D8D9602009970EF /* SceneDelegate.swift in Sources */ = {isa = PBXBuildFile; fileRef = B3BF3A412D8D9602009970EF /* SceneDelegate.swift */; };
		B3BF3A442D8D9602009970EF /* ViewController.swift in Sources */ = {isa = PBXBuildFile; fileRef = B3BF3A432D8D9602009970EF /* ViewController.swift */; };
		B3BF3A472D8D9602009970EF /* Main.storyboard in Resources */ = {isa = PBXBuildFile; fileRef = B3BF3A452D8D9602009970EF /* Main.storyboard */; };
		B3BF3A492D8D9608009970EF /* Assets.xcassets in Resources */ = {isa = PBXBuildFile; fileRef = B3BF3A482D8D9608009970EF /* Assets.xcassets */; };
		B3BF3A4C2D8D9608009970EF /* LaunchScreen.storyboard in Resources */ = {isa = PBXBuildFile; fileRef = B3BF3A4A2D8D9608009970EF /* LaunchScreen.storyboard */; };
		B3BF3A572D8D9609009970EF /* learn_swiftTests.swift in Sources */ = {isa = PBXBuildFile; fileRef = B3BF3A562D8D9609009970EF /* learn_swiftTests.swift */; };
		B3BF3A612D8D9609009970EF /* learn_swiftUITests.swift in Sources */ = {isa = PBXBuildFile; fileRef = B3BF3A602D8D9609009970EF /* learn_swiftUITests.swift */; };
		B3BF3A632D8D9609009970EF /* learn_swiftUITestsLaunchTests.swift in Sources */ = {isa = PBXBuildFile; fileRef = B3BF3A622D8D9609009970EF /* learn_swiftUITestsLaunchTests.swift */; };
/* End PBXBuildFile section */

/* Begin PBXContainerItemProxy section */
		B3BF3A532D8D9609009970EF /* PBXContainerItemProxy */ = {
			isa = PBXContainerItemProxy;
			containerPortal = B3BF3A342D8D9602009970EF /* Project object */;
			proxyType = 1;
			remoteGlobalIDString = B3BF3A3B2D8D9602009970EF;
			remoteInfo = learn_swift;
		};
		B3BF3A5D2D8D9609009970EF /* PBXContainerItemProxy */ = {
			isa = PBXContainerItemProxy;
			containerPortal = B3BF3A342D8D9602009970EF /* Project object */;
			proxyType = 1;
			remoteGlobalIDString = B3BF3A3B2D8D9602009970EF;
			remoteInfo = learn_swift;
		};
/* End PBXContainerItemProxy section */

/* Begin PBXFileReference section */
		B3BF3A3C2D8D9602009970EF /* learn_swift.app */ = {isa = PBXFileReference; explicitFileType = wrapper.application; includeInIndex = 0; path = learn_swift.app; sourceTree = BUILT_PRODUCTS_DIR; };
		B3BF3A3F2D8D9602009970EF /* AppDelegate.swift */ = {isa = PBXFileReference; lastKnownFileType = sourcecode.swift; path = AppDelegate.swift; sourceTree = "<group>"; };
		B3BF3A412D8D9602009970EF /* SceneDelegate.swift */ = {isa = PBXFileReference; lastKnownFileType = sourcecode.swift; path = SceneDelegate.swift; sourceTree = "<group>"; };
		B3BF3A432D8D9602009970EF /* ViewController.swift */ = {isa = PBXFileReference; lastKnownFileType = sourcecode.swift; path = ViewController.swift; sourceTree = "<group>"; };
		B3BF3A462D8D9602009970EF /* Base */ = {isa = PBXFileReference; lastKnownFileType = file.storyboard; name = Base; path = Base.lproj/Main.storyboard; sourceTree = "<group>"; };
		B3BF3A482D8D9608009970EF /* Assets.xcassets */ = {isa = PBXFileReference; lastKnownFileType = folder.assetcatalog; path = Assets.xcassets; sourceTree = "<group>"; };
		B3BF3A4B2D8D9608009970EF /* Base */ = {isa = PBXFileReference; lastKnownFileType = file.storyboard; name = Base; path = Base.lproj/LaunchScreen.storyboard; sourceTree = "<group>"; };
		B3BF3A4D2D8D9608009970EF /* Info.plist */ = {isa = PBXFileReference; lastKnownFileType = text.plist.xml; path = Info.plist; sourceTree = "<group>"; };
		B3BF3A522D8D9609009970EF /* learn_swiftTests.xctest */ = {isa = PBXFileReference; explicitFileType = wrapper.cfbundle; includeInIndex = 0; path = learn_swiftTests.xctest; sourceTree = BUILT_PRODUCTS_DIR; };
		B3BF3A562D8D9609009970EF /* learn_swiftTests.swift */ = {isa = PBXFileReference; lastKnownFileType = sourcecode.swift; path = learn_swiftTests.swift; sourceTree = "<group>"; };
		B3BF3A5C2D8D9609009970EF /* learn_swiftUITests.xctest */ = {isa = PBXFileReference; explicitFileType = wrapper.cfbundle; includeInIndex = 0; path = learn_swiftUITests.xctest; sourceTree = BUILT_PRODUCTS_DIR; };
		B3BF3A602D8D9609009970EF /* learn_swiftUITests.swift */ = {isa = PBXFileReference; lastKnownFileType = sourcecode.swift; path = learn_swiftUITests.swift; sourceTree = "<group>"; };
		B3BF3A622D8D9609009970EF /* learn_swiftUITestsLaunchTests.swift */ = {isa = PBXFileReference; lastKnownFileType = sourcecode.swift; path = learn_swiftUITestsLaunchTests.swift; sourceTree = "<group>"; };
/* End PBXFileReference section */

/* Begin PBXFrameworksBuildPhase section */
		B3BF3A392D8D9602009970EF /* Frameworks */ = {
			isa = PBXFrameworksBuildPhase;
			buildActionMask = 2147483647;
			files = (
			);
			runOnlyForDeploymentPostprocessing = 0;
		};
		B3BF3A4F2D8D9609009970EF /* Frameworks */ = {
			isa = PBXFrameworksBuildPhase;
			buildActionMask = 2147483647;
			files = (
			);
			runOnlyForDeploymentPostprocessing = 0;
		};
		B3BF3A592D8D9609009970EF /* Frameworks */ = {
			isa = PBXFrameworksBuildPhase;
			buildActionMask = 2147483647;
			files = (
			);
			runOnlyForDeploymentPostprocessing = 0;
		};
/* End PBXFrameworksBuildPhase section */

/* Begin PBXGroup section */
		B3BF3A332D8D9602009970EF = {
			isa = PBXGroup;
			children = (
				B3BF3A3E2D8D9602009970EF /* learn_swift */,
				B3BF3A552D8D9609009970EF /* learn_swiftTests */,
				B3BF3A5F2D8D9609009970EF /* learn_swiftUITests */,
				B3BF3A3D2D8D9602009970EF /* Products */,
			);
			sourceTree = "<group>";
		};
		B3BF3A3D2D8D9602009970EF /* Products */ = {
			isa = PBXGroup;
			children = (
				B3BF3A3C2D8D9602009970EF /* learn_swift.app */,
				B3BF3A522D8D9609009970EF /* learn_swiftTests.xctest */,
				B3BF3A5C2D8D9609009970EF /* learn_swiftUITests.xctest */,
			);
			name = Products;
			sourceTree = "<group>";
		};
		B3BF3A3E2D8D9602009970EF /* learn_swift */ = {
			isa = PBXGroup;
			children = (
				B3BF3A3F2D8D9602009970EF /* AppDelegate.swift */,
				B3BF3A412D8D9602009970EF /* SceneDelegate.swift */,
				B3BF3A432D8D9602009970EF /* ViewController.swift */,
				B3BF3A452D8D9602009970EF /* Main.storyboard */,
				B3BF3A482D8D9608009970EF /* Assets.xcassets */,
				B3BF3A4A2D8D9608009970EF /* LaunchScreen.storyboard */,
				B3BF3A4D2D8D9608009970EF /* Info.plist */,
			);
			path = learn_swift;
			sourceTree = "<group>";
		};
		B3BF3A552D8D9609009970EF /* learn_swiftTests */ = {
			isa = PBXGroup;
			children = (
				B3BF3A562D8D9609009970EF /* learn_swiftTests.swift */,
			);
			path = learn_swiftTests;
			sourceTree = "<group>";
		};
		B3BF3A5F2D8D9609009970EF /* learn_swiftUITests */ = {
			isa = PBXGroup;
			children = (
				B3BF3A602D8D9609009970EF /* learn_swiftUITests.swift */,
				B3BF3A622D8D9609009970EF /* learn_swiftUITestsLaunchTests.swift */,
			);
			path = learn_swiftUITests;
			sourceTree = "<group>";
		};
/* End PBXGroup section */

/* Begin PBXNativeTarget section */
		B3BF3A3B2D8D9602009970EF /* learn_swift */ = {
			isa = PBXNativeTarget;
			buildConfigurationList = B3BF3A662D8D9609009970EF /* Build configuration list for PBXNativeTarget "learn_swift" */;
			buildPhases = (
				B3BF3A382D8D9602009970EF /* Sources */,
				B3BF3A392D8D9602009970EF /* Frameworks */,
				B3BF3A3A2D8D9602009970EF /* Resources */,
			);
			buildRules = (
			);
			dependencies = (
			);
			name = learn_swift;
			productName = learn_swift;
			productReference = B3BF3A3C2D8D9602009970EF /* learn_swift.app */;
			productType = "com.apple.product-type.application";
		};
		B3BF3A512D8D9609009970EF /* learn_swiftTests */ = {
			isa = PBXNativeTarget;
			buildConfigurationList = B3BF3A692D8D9609009970EF /* Build configuration list for PBXNativeTarget "learn_swiftTests" */;
			buildPhases = (
				B3BF3A4E2D8D9609009970EF /* Sources */,
				B3BF3A4F2D8D9609009970EF /* Frameworks */,
				B3BF3A502D8D9609009970EF /* Resources */,
			);
			buildRules = (
			);
			dependencies = (
				B3BF3A542D8D9609009970EF /* PBXTargetDependency */,
			);
			name = learn_swiftTests;
			productName = learn_swiftTests;
			productReference = B3BF3A522D8D9609009970EF /* learn_swiftTests.xctest */;
			productType = "com.apple.product-type.bundle.unit-test";
		};
		B3BF3A5B2D8D9609009970EF /* learn_swiftUITests */ = {
			isa = PBXNativeTarget;
			buildConfigurationList = B3BF3A6C2D8D9609009970EF /* Build configuration list for PBXNativeTarget "learn_swiftUITests" */;
			buildPhases = (
				B3BF3A582D8D9609009970EF /* Sources */,
				B3BF3A592D8D9609009970EF /* Frameworks */,
				B3BF3A5A2D8D9609009970EF /* Resources */,
			);
			buildRules = (
			);
			dependencies = (
				B3BF3A5E2D8D9609009970EF /* PBXTargetDependency */,
			);
			name = learn_swiftUITests;
			productName = learn_swiftUITests;
			productReference = B3BF3A5C2D8D9609009970EF /* learn_swiftUITests.xctest */;
			productType = "com.apple.product-type.bundle.ui-testing";
		};
/* End PBXNativeTarget section */

/* Begin PBXProject section */
		B3BF3A342D8D9602009970EF /* Project object */ = {
			isa = PBXProject;
			attributes = {
				BuildIndependentTargetsInParallel = 1;
				LastSwiftUpdateCheck = 1430;
				LastUpgradeCheck = 1430;
				TargetAttributes = {
					B3BF3A3B2D8D9602009970EF = {
						CreatedOnToolsVersion = 14.3.1;
					};
					B3BF3A512D8D9609009970EF = {
						CreatedOnToolsVersion = 14.3.1;
						TestTargetID = B3BF3A3B2D8D9602009970EF;
					};
					B3BF3A5B2D8D9609009970EF = {
						CreatedOnToolsVersion = 14.3.1;
						TestTargetID = B3BF3A3B2D8D9602009970EF;
					};
				};
			};
			buildConfigurationList = B3BF3A372D8D9602009970EF /* Build configuration list for PBXProject "learn_swift" */;
			compatibilityVersion = "Xcode 14.0";
			developmentRegion = en;
			hasScannedForEncodings = 0;
			knownRegions = (
				en,
				Base,
			);
			mainGroup = B3BF3A332D8D9602009970EF;
			productRefGroup = B3BF3A3D2D8D9602009970EF /* Products */;
			projectDirPath = "";
			projectRoot = "";
			targets = (
				B3BF3A3B2D8D9602009970EF /* learn_swift */,
				B3BF3A512D8D9609009970EF /* learn_swiftTests */,
				B3BF3A5B2D8D9609009970EF /* learn_swiftUITests */,
			);
		};
/* End PBXProject section */

/* Begin PBXResourcesBuildPhase section */
		B3BF3A3A2D8D9602009970EF /* Resources */ = {
			isa = PBXResourcesBuildPhase;
			buildActionMask = 2147483647;
			files = (
				B3BF3A4C2D8D9608009970EF /* LaunchScreen.storyboard in Resources */,
				B3BF3A492D8D9608009970EF /* Assets.xcassets in Resources */,
				B3BF3A472D8D9602009970EF /* Main.storyboard in Resources */,
			);
			runOnlyForDeploymentPostprocessing = 0;
		};
		B3BF3A502D8D9609009970EF /* Resources */ = {
			isa = PBXResourcesBuildPhase;
			buildActionMask = 2147483647;
			files = (
			);
			runOnlyForDeploymentPostprocessing = 0;
		};
		B3BF3A5A2D8D9609009970EF /* Resources */ = {
			isa = PBXResourcesBuildPhase;
			buildActionMask = 2147483647;
			files = (
			);
			runOnlyForDeploymentPostprocessing = 0;
		};
/* End PBXResourcesBuildPhase section */

/* Begin PBXSourcesBuildPhase section */
		B3BF3A382D8D9602009970EF /* Sources */ = {
			isa = PBXSourcesBuildPhase;
			buildActionMask = 2147483647;
			files = (
				B3BF3A442D8D9602009970EF /* ViewController.swift in Sources */,
				B3BF3A402D8D9602009970EF /* AppDelegate.swift in Sources */,
				B3BF3A422D8D9602009970EF /* SceneDelegate.swift in Sources */,
			);
			runOnlyForDeploymentPostprocessing = 0;
		};
		B3BF3A4E2D8D9609009970EF /* Sources */ = {
			isa = PBXSourcesBuildPhase;
			buildActionMask = 2147483647;
			files = (
				B3BF3A572D8D9609009970EF /* learn_swiftTests.swift in Sources */,
			);
			runOnlyForDeploymentPostprocessing = 0;
		};
		B3BF3A582D8D9609009970EF /* Sources */ = {
			isa = PBXSourcesBuildPhase;
			buildActionMask = 2147483647;
			files = (
				B3BF3A612D8D9609009970EF /* learn_swiftUITests.swift in Sources */,
				B3BF3A632D8D9609009970EF /* learn_swiftUITestsLaunchTests.swift in Sources */,
			);
			runOnlyForDeploymentPostprocessing = 0;
		};
/* End PBXSourcesBuildPhase section */

/* Begin PBXTargetDependency section */
		B3BF3A542D8D9609009970EF /* PBXTargetDependency */ = {
			isa = PBXTargetDependency;
			target = B3BF3A3B2D8D9602009970EF /* learn_swift */;
			targetProxy = B3BF3A532D8D9609009970EF /* PBXContainerItemProxy */;
		};
		B3BF3A5E2D8D9609009970EF /* PBXTargetDependency */ = {
			isa = PBXTargetDependency;
			target = B3BF3A3B2D8D9602009970EF /* learn_swift */;
			targetProxy = B3BF3A5D2D8D9609009970EF /* PBXContainerItemProxy */;
		};
/* End PBXTargetDependency section */

/* Begin PBXVariantGroup section */
		B3BF3A452D8D9602009970EF /* Main.storyboard */ = {
			isa = PBXVariantGroup;
			children = (
				B3BF3A462D8D9602009970EF /* Base */,
			);
			name = Main.storyboard;
			sourceTree = "<group>";
		};
		B3BF3A4A2D8D9608009970EF /* LaunchScreen.storyboard */ = {
			isa = PBXVariantGroup;
			children = (
				B3BF3A4B2D8D9608009970EF /* Base */,
			);
			name = LaunchScreen.storyboard;
			sourceTree = "<group>";
		};
/* End PBXVariantGroup section */

/* Begin XCBuildConfiguration section */
		B3BF3A642D8D9609009970EF /* Debug */ = {
			isa = XCBuildConfiguration;
			buildSettings = {
				ALWAYS_SEARCH_USER_PATHS = NO;
				CLANG_ANALYZER_NONNULL = YES;
				CLANG_ANALYZER_NUMBER_OBJECT_CONVERSION = YES_AGGRESSIVE;
				CLANG_CXX_LANGUAGE_STANDARD = "gnu++20";
				CLANG_ENABLE_MODULES = YES;
				CLANG_ENABLE_OBJC_ARC = YES;
				CLANG_ENABLE_OBJC_WEAK = YES;
				CLANG_WARN_BLOCK_CAPTURE_AUTORELEASING = YES;
				CLANG_WARN_BOOL_CONVERSION = YES;
				CLANG_WARN_COMMA = YES;
				CLANG_WARN_CONSTANT_CONVERSION = YES;
				CLANG_WARN_DEPRECATED_OBJC_IMPLEMENTATIONS = YES;
				CLANG_WARN_DIRECT_OBJC_ISA_USAGE = YES_ERROR;
				CLANG_WARN_DOCUMENTATION_COMMENTS = YES;
				CLANG_WARN_EMPTY_BODY = YES;
				CLANG_WARN_ENUM_CONVERSION = YES;
				CLANG_WARN_INFINITE_RECURSION = YES;
				CLANG_WARN_INT_CONVERSION = YES;
				CLANG_WARN_NON_LITERAL_NULL_CONVERSION = YES;
				CLANG_WARN_OBJC_IMPLICIT_RETAIN_SELF = YES;
				CLANG_WARN_OBJC_LITERAL_CONVERSION = YES;
				CLANG_WARN_OBJC_ROOT_CLASS = YES_ERROR;
				CLANG_WARN_QUOTED_INCLUDE_IN_FRAMEWORK_HEADER = YES;
				CLANG_WARN_RANGE_LOOP_ANALYSIS = YES;
				CLANG_WARN_STRICT_PROTOTYPES = YES;
				CLANG_WARN_SUSPICIOUS_MOVE = YES;
				CLANG_WARN_UNGUARDED_AVAILABILITY = YES_AGGRESSIVE;
				CLANG_WARN_UNREACHABLE_CODE = YES;
				CLANG_WARN__DUPLICATE_METHOD_MATCH = YES;
				COPY_PHASE_STRIP = NO;
				DEBUG_INFORMATION_FORMAT = dwarf;
				ENABLE_STRICT_OBJC_MSGSEND = YES;
				ENABLE_TESTABILITY = YES;
				GCC_C_LANGUAGE_STANDARD = gnu11;
				GCC_DYNAMIC_NO_PIC = NO;
				GCC_NO_COMMON_BLOCKS = YES;
				GCC_OPTIMIZATION_LEVEL = 0;
				GCC_PREPROCESSOR_DEFINITIONS = (
					"DEBUG=1",
					"$(inherited)",
				);
				GCC_WARN_64_TO_32_BIT_CONVERSION = YES;
				GCC_WARN_ABOUT_RETURN_TYPE = YES_ERROR;
				GCC_WARN_UNDECLARED_SELECTOR = YES;
				GCC_WARN_UNINITIALIZED_AUTOS = YES_AGGRESSIVE;
				GCC_WARN_UNUSED_FUNCTION = YES;
				GCC_WARN_UNUSED_VARIABLE = YES;
				IPHONEOS_DEPLOYMENT_TARGET = 16.4;
				MTL_ENABLE_DEBUG_INFO = INCLUDE_SOURCE;
				MTL_FAST_MATH = YES;
				ONLY_ACTIVE_ARCH = YES;
				SDKROOT = iphoneos;
				SWIFT_ACTIVE_COMPILATION_CONDITIONS = DEBUG;
				SWIFT_OPTIMIZATION_LEVEL = "-Onone";
			};
			name = Debug;
		};
		B3BF3A652D8D9609009970EF /* Release */ = {
			isa = XCBuildConfiguration;
			buildSettings = {
				ALWAYS_SEARCH_USER_PATHS = NO;
				CLANG_ANALYZER_NONNULL = YES;
				CLANG_ANALYZER_NUMBER_OBJECT_CONVERSION = YES_AGGRESSIVE;
				CLANG_CXX_LANGUAGE_STANDARD = "gnu++20";
				CLANG_ENABLE_MODULES = YES;
				CLANG_ENABLE_OBJC_ARC = YES;
				CLANG_ENABLE_OBJC_WEAK = YES;
				CLANG_WARN_BLOCK_CAPTURE_AUTORELEASING = YES;
				CLANG_WARN_BOOL_CONVERSION = YES;
				CLANG_WARN_COMMA = YES;
				CLANG_WARN_CONSTANT_CONVERSION = YES;
				CLANG_WARN_DEPRECATED_OBJC_IMPLEMENTATIONS = YES;
				CLANG_WARN_DIRECT_OBJC_ISA_USAGE = YES_ERROR;
				CLANG_WARN_DOCUMENTATION_COMMENTS = YES;
				CLANG_WARN_EMPTY_BODY = YES;
				CLANG_WARN_ENUM_CONVERSION = YES;
				CLANG_WARN_INFINITE_RECURSION = YES;
				CLANG_WARN_INT_CONVERSION = YES;
				CLANG_WARN_NON_LITERAL_NULL_CONVERSION = YES;
				CLANG_WARN_OBJC_IMPLICIT_RETAIN_SELF = YES;
				CLANG_WARN_OBJC_LITERAL_CONVERSION = YES;
				CLANG_WARN_OBJC_ROOT_CLASS = YES_ERROR;
				CLANG_WARN_QUOTED_INCLUDE_IN_FRAMEWORK_HEADER = YES;
				CLANG_WARN_RANGE_LOOP_ANALYSIS = YES;
				CLANG_WARN_STRICT_PROTOTYPES = YES;
				CLANG_WARN_SUSPICIOUS_MOVE = YES;
				CLANG_WARN_UNGUARDED_AVAILABILITY = YES_AGGRESSIVE;
				CLANG_WARN_UNREACHABLE_CODE = YES;
				CLANG_WARN__DUPLICATE_METHOD_MATCH = YES;
				COPY_PHASE_STRIP = NO;
				DEBUG_INFORMATION_FORMAT = "dwarf-with-dsym";
				ENABLE_NS_ASSERTIONS = NO;
				ENABLE_STRICT_OBJC_MSGSEND = YES;
				GCC_C_LANGUAGE_STANDARD = gnu11;
				GCC_NO_COMMON_BLOCKS = YES;
				GCC_WARN_64_TO_32_BIT_CONVERSION = YES;
				GCC_WARN_ABOUT_RETURN_TYPE = YES_ERROR;
				GCC_WARN_UNDECLARED_SELECTOR = YES;
				GCC_WARN_UNINITIALIZED_AUTOS = YES_AGGRESSIVE;
				GCC_WARN_UNUSED_FUNCTION = YES;
				GCC_WARN_UNUSED_VARIABLE = YES;
				IPHONEOS_DEPLOYMENT_TARGET = 16.4;
				MTL_ENABLE_DEBUG_INFO = NO;
				MTL_FAST_MATH = YES;
				SDKROOT = iphoneos;
				SWIFT_COMPILATION_MODE = wholemodule;
				SWIFT_OPTIMIZATION_LEVEL = "-O";
				VALIDATE_PRODUCT = YES;
			};
			name = Release;
		};
		B3BF3A672D8D9609009970EF /* Debug */ = {
			isa = XCBuildConfiguration;
			buildSettings = {
				ASSETCATALOG_COMPILER_APPICON_NAME = AppIcon;
				ASSETCATALOG_COMPILER_GLOBAL_ACCENT_COLOR_NAME = AccentColor;
				CODE_SIGN_STYLE = Automatic;
				CURRENT_PROJECT_VERSION = 1;
				DEVELOPMENT_TEAM = X3DM28J2WA;
				GENERATE_INFOPLIST_FILE = YES;
				INFOPLIST_FILE = learn_swift/Info.plist;
				INFOPLIST_KEY_UIApplicationSupportsIndirectInputEvents = YES;
				INFOPLIST_KEY_UILaunchStoryboardName = LaunchScreen;
				INFOPLIST_KEY_UIMainStoryboardFile = Main;
				INFOPLIST_KEY_UISupportedInterfaceOrientations_iPad = "UIInterfaceOrientationPortrait UIInterfaceOrientationPortraitUpsideDown UIInterfaceOrientationLandscapeLeft UIInterfaceOrientationLandscapeRight";
				INFOPLIST_KEY_UISupportedInterfaceOrientations_iPhone = "UIInterfaceOrientationPortrait UIInterfaceOrientationLandscapeLeft UIInterfaceOrientationLandscapeRight";
				LD_RUNPATH_SEARCH_PATHS = (
					"$(inherited)",
					"@executable_path/Frameworks",
				);
				MARKETING_VERSION = 1.0;
				PRODUCT_BUNDLE_IDENTIFIER = "com.zm.nine.learn-swift";
				PRODUCT_NAME = "$(TARGET_NAME)";
				SWIFT_EMIT_LOC_STRINGS = YES;
				SWIFT_VERSION = 5.0;
				TARGETED_DEVICE_FAMILY = "1,2";
			};
			name = Debug;
		};
		B3BF3A682D8D9609009970EF /* Release */ = {
			isa = XCBuildConfiguration;
			buildSettings = {
				ASSETCATALOG_COMPILER_APPICON_NAME = AppIcon;
				ASSETCATALOG_COMPILER_GLOBAL_ACCENT_COLOR_NAME = AccentColor;
				CODE_SIGN_STYLE = Automatic;
				CURRENT_PROJECT_VERSION = 1;
				DEVELOPMENT_TEAM = X3DM28J2WA;
				GENERATE_INFOPLIST_FILE = YES;
				INFOPLIST_FILE = learn_swift/Info.plist;
				INFOPLIST_KEY_UIApplicationSupportsIndirectInputEvents = YES;
				INFOPLIST_KEY_UILaunchStoryboardName = LaunchScreen;
				INFOPLIST_KEY_UIMainStoryboardFile = Main;
				INFOPLIST_KEY_UISupportedInterfaceOrientations_iPad = "UIInterfaceOrientationPortrait UIInterfaceOrientationPortraitUpsideDown UIInterfaceOrientationLandscapeLeft UIInterfaceOrientationLandscapeRight";
				INFOPLIST_KEY_UISupportedInterfaceOrientations_iPhone = "UIInterfaceOrientationPortrait UIInterfaceOrientationLandscapeLeft UIInterfaceOrientationLandscapeRight";
				LD_RUNPATH_SEARCH_PATHS = (
					"$(inherited)",
					"@executable_path/Frameworks",
				);
				MARKETING_VERSION = 1.0;
				PRODUCT_BUNDLE_IDENTIFIER = "com.zm.nine.learn-swift";
				PRODUCT_NAME = "$(TARGET_NAME)";
				SWIFT_EMIT_LOC_STRINGS = YES;
				SWIFT_VERSION = 5.0;
				TARGETED_DEVICE_FAMILY = "1,2";
			};
			name = Release;
		};
		B3BF3A6A2D8D9609009970EF /* Debug */ = {
			isa = XCBuildConfiguration;
			buildSettings = {
				ALWAYS_EMBED_SWIFT_STANDARD_LIBRARIES = YES;
				BUNDLE_LOADER = "$(TEST_HOST)";
				CODE_SIGN_STYLE = Automatic;
				CURRENT_PROJECT_VERSION = 1;
				DEVELOPMENT_TEAM = X3DM28J2WA;
				GENERATE_INFOPLIST_FILE = YES;
				IPHONEOS_DEPLOYMENT_TARGET = 16.4;
				MARKETING_VERSION = 1.0;
				PRODUCT_BUNDLE_IDENTIFIER = "com.zm.nine.learn-swiftTests";
				PRODUCT_NAME = "$(TARGET_NAME)";
				SWIFT_EMIT_LOC_STRINGS = NO;
				SWIFT_VERSION = 5.0;
				TARGETED_DEVICE_FAMILY = "1,2";
				TEST_HOST = "$(BUILT_PRODUCTS_DIR)/learn_swift.app/$(BUNDLE_EXECUTABLE_FOLDER_PATH)/learn_swift";
			};
			name = Debug;
		};
		B3BF3A6B2D8D9609009970EF /* Release */ = {
			isa = XCBuildConfiguration;
			buildSettings = {
				ALWAYS_EMBED_SWIFT_STANDARD_LIBRARIES = YES;
				BUNDLE_LOADER = "$(TEST_HOST)";
				CODE_SIGN_STYLE = Automatic;
				CURRENT_PROJECT_VERSION = 1;
				DEVELOPMENT_TEAM = X3DM28J2WA;
				GENERATE_INFOPLIST_FILE = YES;
				IPHONEOS_DEPLOYMENT_TARGET = 16.4;
				MARKETING_VERSION = 1.0;
				PRODUCT_BUNDLE_IDENTIFIER = "com.zm.nine.learn-swiftTests";
				PRODUCT_NAME = "$(TARGET_NAME)";
				SWIFT_EMIT_LOC_STRINGS = NO;
				SWIFT_VERSION = 5.0;
				TARGETED_DEVICE_FAMILY = "1,2";
				TEST_HOST = "$(BUILT_PRODUCTS_DIR)/learn_swift.app/$(BUNDLE_EXECUTABLE_FOLDER_PATH)/learn_swift";
			};
			name = Release;
		};
		B3BF3A6D2D8D9609009970EF /* Debug */ = {
			isa = XCBuildConfiguration;
			buildSettings = {
				ALWAYS_EMBED_SWIFT_STANDARD_LIBRARIES = YES;
				CODE_SIGN_STYLE = Automatic;
				CURRENT_PROJECT_VERSION = 1;
				DEVELOPMENT_TEAM = X3DM28J2WA;
				GENERATE_INFOPLIST_FILE = YES;
				MARKETING_VERSION = 1.0;
				PRODUCT_BUNDLE_IDENTIFIER = "com.zm.nine.learn-swiftUITests";
				PRODUCT_NAME = "$(TARGET_NAME)";
				SWIFT_EMIT_LOC_STRINGS = NO;
				SWIFT_VERSION = 5.0;
				TARGETED_DEVICE_FAMILY = "1,2";
				TEST_TARGET_NAME = learn_swift;
			};
			name = Debug;
		};
		B3BF3A6E2D8D9609009970EF /* Release */ = {
			isa = XCBuildConfiguration;
			buildSettings = {
				ALWAYS_EMBED_SWIFT_STANDARD_LIBRARIES = YES;
				CODE_SIGN_STYLE = Automatic;
				CURRENT_PROJECT_VERSION = 1;
				DEVELOPMENT_TEAM = X3DM28J2WA;
				GENERATE_INFOPLIST_FILE = YES;
				MARKETING_VERSION = 1.0;
				PRODUCT_BUNDLE_IDENTIFIER = "com.zm.nine.learn-swiftUITests";
				PRODUCT_NAME = "$(TARGET_NAME)";
				SWIFT_EMIT_LOC_STRINGS = NO;
				SWIFT_VERSION = 5.0;
				TARGETED_DEVICE_FAMILY = "1,2";
				TEST_TARGET_NAME = learn_swift;
			};
			name = Release;
		};
/* End XCBuildConfiguration section */

/* Begin XCConfigurationList section */
		B3BF3A372D8D9602009970EF /* Build configuration list for PBXProject "learn_swift" */ = {
			isa = XCConfigurationList;
			buildConfigurations = (
				B3BF3A642D8D9609009970EF /* Debug */,
				B3BF3A652D8D9609009970EF /* Release */,
			);
			defaultConfigurationIsVisible = 0;
			defaultConfigurationName = Release;
		};
		B3BF3A662D8D9609009970EF /* Build configuration list for PBXNativeTarget "learn_swift" */ = {
			isa = XCConfigurationList;
			buildConfigurations = (
				B3BF3A672D8D9609009970EF /* Debug */,
				B3BF3A682D8D9609009970EF /* Release */,
			);
			defaultConfigurationIsVisible = 0;
			defaultConfigurationName = Release;
		};
		B3BF3A692D8D9609009970EF /* Build configuration list for PBXNativeTarget "learn_swiftTests" */ = {
			isa = XCConfigurationList;
			buildConfigurations = (
				B3BF3A6A2D8D9609009970EF /* Debug */,
				B3BF3A6B2D8D9609009970EF /* Release */,
			);
			defaultConfigurationIsVisible = 0;
			defaultConfigurationName = Release;
		};
		B3BF3A6C2D8D9609009970EF /* Build configuration list for PBXNativeTarget "learn_swiftUITests" */ = {
			isa = XCConfigurationList;
			buildConfigurations = (
				B3BF3A6D2D8D9609009970EF /* Debug */,
				B3BF3A6E2D8D9609009970EF /* Release */,
			);
			defaultConfigurationIsVisible = 0;
			defaultConfigurationName = Release;
		};
/* End XCConfigurationList section */
	};
	rootObject = B3BF3A342D8D9602009970EF /* Project object */;
}
